<?xml version="1.0" encoding="UTF-8" standalone="yes" ?>
<CodeBlocks_project_file>
	<FileVersion major="1" minor="6" />
	<Project>
		<Option title="MCS_LightPropagation" />
		<Option pch_mode="2" />
		<Option compiler="gcc" />
		<Build>
			<Target title="Debug">
				<Option output="bin/MCS_LightPropagation" prefix_auto="1" extension_auto="1" />
				<Option object_output="obj/" />
				<Option type="1" />
				<Option compiler="gcc" />
				<Compiler>
					<Add option="-g" />
				</Compiler>
			</Target>
			<Target title="Release">
				<Option output="bin/MCS_LightPropagation" prefix_auto="1" extension_auto="1" />
				<Option object_output="obj/" />
				<Option type="1" />
				<Option compiler="gcc" />
				<Compiler>
					<Add option="-O2" />
				</Compiler>
				<Linker>
					<Add option="-s" />
				</Linker>
			</Target>
		</Build>
		<Compiler>
			<Add option="-Wall" />
			<Add option="-fexceptions" />
		</Compiler>
		<Unit filename="src/AbsorbOnly.cpp" />
		<Unit filename="src/AbsorbOnly.h" />
		<Unit filename="src/MediaStructure.cpp" />
		<Unit filename="src/MediaStructure.h" />
		<Unit filename="src/Mismatch_Bound.cpp" />
		<Unit filename="src/Mismatch_Bound.h" />
		<Unit filename="src/Rand.cpp" />
		<Unit filename="src/Rand.h" />
		<Unit filename="src/Sim_Refl_Trans.cpp" />
		<Unit filename="src/Sim_Refl_Trans.h" />
		<Unit filename="src/Store_grid_info.cpp" />
		<Unit filename="src/Store_grid_info.h" />
		<Unit filename="src/main.cpp" />
		<Extensions>
			<code_completion />
			<envvars />
			<debugger />
		</Extensions>
	</Project>
</CodeBlocks_project_file>
