<?xml version="1.0" encoding="UTF-8" standalone="yes" ?>
<CodeBlocks_project_file>
	<FileVersion major="1" minor="6" />
	<Project>
		<Option title="MCS_LightPropagation" />
		<Option pch_mode="2" />
		<Option compiler="gcc" />
		<Build>
			<Target title="Debug">
				<Option output="bin/MCS_LightPropagation" prefix_auto="1" extension_auto="1" />
				<Option object_output="obj/" />
				<Option type="1" />
				<Option compiler="gcc" />
				<Compiler>
					<Add option="-g" />
				</Compiler>
			</Target>
			<Target title="Release">
				<Option output="bin/MCS_LightPropagation" prefix_auto="1" extension_auto="1" />
				<Option object_output="obj/" />
				<Option type="1" />
				<Option compiler="gcc" />
				<Compiler>
					<Add option="-O2" />
				</Compiler>
				<Linker>
					<Add option="-s" />
				</Linker>
			</Target>
		</Build>
		<Compiler>
			<Add option="-Wall" />
			<Add option="-fexceptions" />
		</Compiler>
		<Unit filename="src/absorb_only.cpp" />
		<Unit filename="src/absorb_only.h" />
		<Unit filename="src/media_structure.cpp" />
		<Unit filename="src/media_structure.h" />
		<Unit filename="src/Mismatch_Bound.cpp" />
		<Unit filename="src/mismatch_bound.h" />
		<Unit filename="src/Rand.cpp" />
		<Unit filename="src/rand.h" />
		<Unit filename="src/reflection_and_transmission.cpp" />
		<Unit filename="src/reflection_and_transmission.h" />
		<Unit filename="src/store_grid_info.cpp" />
		<Unit filename="src/store_grid_info.h" />
		<Unit filename="src/main.cpp" />
		<Extensions>
			<code_completion />
			<envvars />
			<debugger />
		</Extensions>
	</Project>
</CodeBlocks_project_file>
